
Microsoft Visual Studio Solution File, Format Version 12.00
# Visual Studio Version 16
VisualStudioVersion = 16.0.29519.181
MinimumVisualStudioVersion = 10.0.40219.1
Project("{FAE04EC0-301F-11D3-BF4B-00C04F79EFBC}") = "Sandoghche.Android", "Sandoghche.Android\Sandoghche.Android.csproj", "{9AD84A5C-6E27-40DA-BDEF-2F5BAFB2258E}"
EndProject
Project("{FAE04EC0-301F-11D3-BF4B-00C04F79EFBC}") = "Sandoghche.iOS", "Sandoghche.iOS\Sandoghche.iOS.csproj", "{7A5F8581-A7B2-4AF8-8699-D48D90FFC5E9}"
EndProject
Project("{9A19103F-16F7-4668-BE54-9A1E7A4F7556}") = "Sandoghche", "Sandoghche\Sandoghche.csproj", "{FECEDACE-6418-4D45-A9A8-CB8936326172}"
EndProject
Project("{FAE04EC0-301F-11D3-BF4B-00C04F79EFBC}") = "Sandoghche.UWP", "Sandoghche.UWP\Sandoghche.UWP.csproj", "{273FBA68-86AF-423C-B7A4-013AC3396CD3}"
EndProject
Global
	GlobalSection(SolutionConfigurationPlatforms) = preSolution
		Debug|Any CPU = Debug|Any CPU
		Debug|ARM = Debug|ARM
		Debug|iPhone = Debug|iPhone
		Debug|iPhoneSimulator = Debug|iPhoneSimulator
		Debug|x64 = Debug|x64
		Debug|x86 = Debug|x86
		Release|Any CPU = Release|Any CPU
		Release|ARM = Release|ARM
		Release|iPhone = Release|iPhone
		Release|iPhoneSimulator = Release|iPhoneSimulator
		Release|x64 = Release|x64
		Release|x86 = Release|x86
	EndGlobalSection
	GlobalSection(ProjectConfigurationPlatforms) = postSolution
		{9AD84A5C-6E27-40DA-BDEF-2F5BAFB2258E}.Debug|Any CPU.ActiveCfg = Debug|Any CPU
		{9AD84A5C-6E27-40DA-BDEF-2F5BAFB2258E}.Debug|Any CPU.Build.0 = Debug|Any CPU
		{9AD84A5C-6E27-40DA-BDEF-2F5BAFB2258E}.Debug|Any CPU.Deploy.0 = Debug|Any CPU
		{9AD84A5C-6E27-40DA-BDEF-2F5BAFB2258E}.Debug|ARM.ActiveCfg = Debug|Any CPU
		{9AD84A5C-6E27-40DA-BDEF-2F5BAFB2258E}.Debug|ARM.Build.0 = Debug|Any CPU
		{9AD84A5C-6E27-40DA-BDEF-2F5BAFB2258E}.Debug|ARM.Deploy.0 = Debug|Any CPU
		{9AD84A5C-6E27-40DA-BDEF-2F5BAFB2258E}.Debug|iPhone.ActiveCfg = Debug|Any CPU
		{9AD84A5C-6E27-40DA-BDEF-2F5BAFB2258E}.Debug|iPhone.Build.0 = Debug|Any CPU
		{9AD84A5C-6E27-40DA-BDEF-2F5BAFB2258E}.Debug|iPhone.Deploy.0 = Debug|Any CPU
		{9AD84A5C-6E27-40DA-BDEF-2F5BAFB2258E}.Debug|iPhoneSimulator.ActiveCfg = Debug|Any CPU
		{9AD84A5C-6E27-40DA-BDEF-2F5BAFB2258E}.Debug|iPhoneSimulator.Build.0 = Debug|Any CPU
		{9AD84A5C-6E27-40DA-BDEF-2F5BAFB2258E}.Debug|iPhoneSimulator.Deploy.0 = Debug|Any CPU
		{9AD84A5C-6E27-40DA-BDEF-2F5BAFB2258E}.Debug|x64.ActiveCfg = Debug|Any CPU
		{9AD84A5C-6E27-40DA-BDEF-2F5BAFB2258E}.Debug|x64.Build.0 = Debug|Any CPU
		{9AD84A5C-6E27-40DA-BDEF-2F5BAFB2258E}.Debug|x64.Deploy.0 = Debug|Any CPU
		{9AD84A5C-6E27-40DA-BDEF-2F5BAFB2258E}.Debug|x86.ActiveCfg = Debug|Any CPU
		{9AD84A5C-6E27-40DA-BDEF-2F5BAFB2258E}.Debug|x86.Build.0 = Debug|Any CPU
		{9AD84A5C-6E27-40DA-BDEF-2F5BAFB2258E}.Debug|x86.Deploy.0 = Debug|Any CPU
		{9AD84A5C-6E27-40DA-BDEF-2F5BAFB2258E}.Release|Any CPU.ActiveCfg = Release|Any CPU
		{9AD84A5C-6E27-40DA-BDEF-2F5BAFB2258E}.Release|Any CPU.Build.0 = Release|Any CPU
		{9AD84A5C-6E27-40DA-BDEF-2F5BAFB2258E}.Release|Any CPU.Deploy.0 = Release|Any CPU
		{9AD84A5C-6E27-40DA-BDEF-2F5BAFB2258E}.Release|ARM.ActiveCfg = Release|Any CPU
		{9AD84A5C-6E27-40DA-BDEF-2F5BAFB2258E}.Release|ARM.Build.0 = Release|Any CPU
		{9AD84A5C-6E27-40DA-BDEF-2F5BAFB2258E}.Release|ARM.Deploy.0 = Release|Any CPU
		{9AD84A5C-6E27-40DA-BDEF-2F5BAFB2258E}.Release|iPhone.ActiveCfg = Release|Any CPU
		{9AD84A5C-6E27-40DA-BDEF-2F5BAFB2258E}.Release|iPhone.Build.0 = Release|Any CPU
		{9AD84A5C-6E27-40DA-BDEF-2F5BAFB2258E}.Release|iPhone.Deploy.0 = Release|Any CPU
		{9AD84A5C-6E27-40DA-BDEF-2F5BAFB2258E}.Release|iPhoneSimulator.ActiveCfg = Release|Any CPU
		{9AD84A5C-6E27-40DA-BDEF-2F5BAFB2258E}.Release|iPhoneSimulator.Build.0 = Release|Any CPU
		{9AD84A5C-6E27-40DA-BDEF-2F5BAFB2258E}.Release|iPhoneSimulator.Deploy.0 = Release|Any CPU
		{9AD84A5C-6E27-40DA-BDEF-2F5BAFB2258E}.Release|x64.ActiveCfg = Release|Any CPU
		{9AD84A5C-6E27-40DA-BDEF-2F5BAFB2258E}.Release|x64.Build.0 = Release|Any CPU
		{9AD84A5C-6E27-40DA-BDEF-2F5BAFB2258E}.Release|x64.Deploy.0 = Release|Any CPU
		{9AD84A5C-6E27-40DA-BDEF-2F5BAFB2258E}.Release|x86.ActiveCfg = Release|Any CPU
		{9AD84A5C-6E27-40DA-BDEF-2F5BAFB2258E}.Release|x86.Build.0 = Release|Any CPU
		{9AD84A5C-6E27-40DA-BDEF-2F5BAFB2258E}.Release|x86.Deploy.0 = Release|Any CPU
		{7A5F8581-A7B2-4AF8-8699-D48D90FFC5E9}.Debug|Any CPU.ActiveCfg = Debug|iPhone
		{7A5F8581-A7B2-4AF8-8699-D48D90FFC5E9}.Debug|Any CPU.Build.0 = Debug|iPhone
		{7A5F8581-A7B2-4AF8-8699-D48D90FFC5E9}.Debug|Any CPU.Deploy.0 = Debug|iPhone
		{7A5F8581-A7B2-4AF8-8699-D48D90FFC5E9}.Debug|ARM.ActiveCfg = Debug|iPhoneSimulator
		{7A5F8581-A7B2-4AF8-8699-D48D90FFC5E9}.Debug|ARM.Build.0 = Debug|iPhoneSimulator
		{7A5F8581-A7B2-4AF8-8699-D48D90FFC5E9}.Debug|ARM.Deploy.0 = Debug|iPhoneSimulator
		{7A5F8581-A7B2-4AF8-8699-D48D90FFC5E9}.Debug|iPhone.ActiveCfg = Debug|iPhone
		{7A5F8581-A7B2-4AF8-8699-D48D90FFC5E9}.Debug|iPhone.Build.0 = Debug|iPhone
		{7A5F8581-A7B2-4AF8-8699-D48D90FFC5E9}.Debug|iPhone.Deploy.0 = Debug|iPhone
		{7A5F8581-A7B2-4AF8-8699-D48D90FFC5E9}.Debug|iPhoneSimulator.ActiveCfg = Debug|iPhoneSimulator
		{7A5F8581-A7B2-4AF8-8699-D48D90FFC5E9}.Debug|iPhoneSimulator.Build.0 = Debug|iPhoneSimulator
		{7A5F8581-A7B2-4AF8-8699-D48D90FFC5E9}.Debug|iPhoneSimulator.Deploy.0 = Debug|iPhoneSimulator
		{7A5F8581-A7B2-4AF8-8699-D48D90FFC5E9}.Debug|x64.ActiveCfg = Debug|iPhone
		{7A5F8581-A7B2-4AF8-8699-D48D90FFC5E9}.Debug|x64.Build.0 = Debug|iPhone
		{7A5F8581-A7B2-4AF8-8699-D48D90FFC5E9}.Debug|x64.Deploy.0 = Debug|iPhone
		{7A5F8581-A7B2-4AF8-8699-D48D90FFC5E9}.Debug|x86.ActiveCfg = Debug|iPhone
		{7A5F8581-A7B2-4AF8-8699-D48D90FFC5E9}.Debug|x86.Build.0 = Debug|iPhone
		{7A5F8581-A7B2-4AF8-8699-D48D90FFC5E9}.Debug|x86.Deploy.0 = Debug|iPhone
		{7A5F8581-A7B2-4AF8-8699-D48D90FFC5E9}.Release|Any CPU.ActiveCfg = Release|iPhone
		{7A5F8581-A7B2-4AF8-8699-D48D90FFC5E9}.Release|Any CPU.Build.0 = Release|iPhone
		{7A5F8581-A7B2-4AF8-8699-D48D90FFC5E9}.Release|Any CPU.Deploy.0 = Release|iPhone
		{7A5F8581-A7B2-4AF8-8699-D48D90FFC5E9}.Release|ARM.ActiveCfg = Release|iPhone
		{7A5F8581-A7B2-4AF8-8699-D48D90FFC5E9}.Release|ARM.Build.0 = Release|iPhone
		{7A5F8581-A7B2-4AF8-8699-D48D90FFC5E9}.Release|ARM.Deploy.0 = Release|iPhone
		{7A5F8581-A7B2-4AF8-8699-D48D90FFC5E9}.Release|iPhone.ActiveCfg = Release|iPhone
		{7A5F8581-A7B2-4AF8-8699-D48D90FFC5E9}.Release|iPhone.Build.0 = Release|iPhone
		{7A5F8581-A7B2-4AF8-8699-D48D90FFC5E9}.Release|iPhone.Deploy.0 = Release|iPhone
		{7A5F8581-A7B2-4AF8-8699-D48D90FFC5E9}.Release|iPhoneSimulator.ActiveCfg = Release|iPhoneSimulator
		{7A5F8581-A7B2-4AF8-8699-D48D90FFC5E9}.Release|iPhoneSimulator.Build.0 = Release|iPhoneSimulator
		{7A5F8581-A7B2-4AF8-8699-D48D90FFC5E9}.Release|iPhoneSimulator.Deploy.0 = Release|iPhoneSimulator
		{7A5F8581-A7B2-4AF8-8699-D48D90FFC5E9}.Release|x64.ActiveCfg = Release|iPhone
		{7A5F8581-A7B2-4AF8-8699-D48D90FFC5E9}.Release|x64.Build.0 = Release|iPhone
		{7A5F8581-A7B2-4AF8-8699-D48D90FFC5E9}.Release|x64.Deploy.0 = Release|iPhone
		{7A5F8581-A7B2-4AF8-8699-D48D90FFC5E9}.Release|x86.ActiveCfg = Release|iPhone
		{7A5F8581-A7B2-4AF8-8699-D48D90FFC5E9}.Release|x86.Build.0 = Release|iPhone
		{7A5F8581-A7B2-4AF8-8699-D48D90FFC5E9}.Release|x86.Deploy.0 = Release|iPhone
		{FECEDACE-6418-4D45-A9A8-CB8936326172}.Debug|Any CPU.ActiveCfg = Debug|Any CPU
		{FECEDACE-6418-4D45-A9A8-CB8936326172}.Debug|Any CPU.Build.0 = Debug|Any CPU
		{FECEDACE-6418-4D45-A9A8-CB8936326172}.Debug|Any CPU.Deploy.0 = Debug|Any CPU
		{FECEDACE-6418-4D45-A9A8-CB8936326172}.Debug|ARM.ActiveCfg = Debug|Any CPU
		{FECEDACE-6418-4D45-A9A8-CB8936326172}.Debug|ARM.Build.0 = Debug|Any CPU
		{FECEDACE-6418-4D45-A9A8-CB8936326172}.Debug|ARM.Deploy.0 = Debug|Any CPU
		{FECEDACE-6418-4D45-A9A8-CB8936326172}.Debug|iPhone.ActiveCfg = Debug|Any CPU
		{FECEDACE-6418-4D45-A9A8-CB8936326172}.Debug|iPhone.Build.0 = Debug|Any CPU
		{FECEDACE-6418-4D45-A9A8-CB8936326172}.Debug|iPhone.Deploy.0 = Debug|Any CPU
		{FECEDACE-6418-4D45-A9A8-CB8936326172}.Debug|iPhoneSimulator.ActiveCfg = Debug|Any CPU
		{FECEDACE-6418-4D45-A9A8-CB8936326172}.Debug|iPhoneSimulator.Build.0 = Debug|Any CPU
		{FECEDACE-6418-4D45-A9A8-CB8936326172}.Debug|iPhoneSimulator.Deploy.0 = Debug|Any CPU
		{FECEDACE-6418-4D45-A9A8-CB8936326172}.Debug|x64.ActiveCfg = Debug|Any CPU
		{FECEDACE-6418-4D45-A9A8-CB8936326172}.Debug|x64.Build.0 = Debug|Any CPU
		{FECEDACE-6418-4D45-A9A8-CB8936326172}.Debug|x64.Deploy.0 = Debug|Any CPU
		{FECEDACE-6418-4D45-A9A8-CB8936326172}.Debug|x86.ActiveCfg = Debug|Any CPU
		{FECEDACE-6418-4D45-A9A8-CB8936326172}.Debug|x86.Build.0 = Debug|Any CPU
		{FECEDACE-6418-4D45-A9A8-CB8936326172}.Debug|x86.Deploy.0 = Debug|Any CPU
		{FECEDACE-6418-4D45-A9A8-CB8936326172}.Release|Any CPU.ActiveCfg = Release|Any CPU
		{FECEDACE-6418-4D45-A9A8-CB8936326172}.Release|Any CPU.Build.0 = Release|Any CPU
		{FECEDACE-6418-4D45-A9A8-CB8936326172}.Release|Any CPU.Deploy.0 = Release|Any CPU
		{FECEDACE-6418-4D45-A9A8-CB8936326172}.Release|ARM.ActiveCfg = Release|Any CPU
		{FECEDACE-6418-4D45-A9A8-CB8936326172}.Release|ARM.Build.0 = Release|Any CPU
		{FECEDACE-6418-4D45-A9A8-CB8936326172}.Release|ARM.Deploy.0 = Release|Any CPU
		{FECEDACE-6418-4D45-A9A8-CB8936326172}.Release|iPhone.ActiveCfg = Release|Any CPU
		{FECEDACE-6418-4D45-A9A8-CB8936326172}.Release|iPhone.Build.0 = Release|Any CPU
		{FECEDACE-6418-4D45-A9A8-CB8936326172}.Release|iPhone.Deploy.0 = Release|Any CPU
		{FECEDACE-6418-4D45-A9A8-CB8936326172}.Release|iPhoneSimulator.ActiveCfg = Release|Any CPU
		{FECEDACE-6418-4D45-A9A8-CB8936326172}.Release|iPhoneSimulator.Build.0 = Release|Any CPU
		{FECEDACE-6418-4D45-A9A8-CB8936326172}.Release|iPhoneSimulator.Deploy.0 = Release|Any CPU
		{FECEDACE-6418-4D45-A9A8-CB8936326172}.Release|x64.ActiveCfg = Release|Any CPU
		{FECEDACE-6418-4D45-A9A8-CB8936326172}.Release|x64.Build.0 = Release|Any CPU
		{FECEDACE-6418-4D45-A9A8-CB8936326172}.Release|x64.Deploy.0 = Release|Any CPU
		{FECEDACE-6418-4D45-A9A8-CB8936326172}.Release|x86.ActiveCfg = Release|Any CPU
		{FECEDACE-6418-4D45-A9A8-CB8936326172}.Release|x86.Build.0 = Release|Any CPU
		{FECEDACE-6418-4D45-A9A8-CB8936326172}.Release|x86.Deploy.0 = Release|Any CPU
		{273FBA68-86AF-423C-B7A4-013AC3396CD3}.Debug|Any CPU.ActiveCfg = Debug|x86
		{273FBA68-86AF-423C-B7A4-013AC3396CD3}.Debug|Any CPU.Build.0 = Debug|x86
		{273FBA68-86AF-423C-B7A4-013AC3396CD3}.Debug|Any CPU.Deploy.0 = Debug|x86
		{273FBA68-86AF-423C-B7A4-013AC3396CD3}.Debug|ARM.ActiveCfg = Debug|ARM
		{273FBA68-86AF-423C-B7A4-013AC3396CD3}.Debug|ARM.Build.0 = Debug|ARM
		{273FBA68-86AF-423C-B7A4-013AC3396CD3}.Debug|ARM.Deploy.0 = Debug|ARM
		{273FBA68-86AF-423C-B7A4-013AC3396CD3}.Debug|iPhone.ActiveCfg = Debug|x86
		{273FBA68-86AF-423C-B7A4-013AC3396CD3}.Debug|iPhoneSimulator.ActiveCfg = Debug|x86
		{273FBA68-86AF-423C-B7A4-013AC3396CD3}.Debug|x64.ActiveCfg = Debug|x64
		{273FBA68-86AF-423C-B7A4-013AC3396CD3}.Debug|x64.Build.0 = Debug|x64
		{273FBA68-86AF-423C-B7A4-013AC3396CD3}.Debug|x64.Deploy.0 = Debug|x64
		{273FBA68-86AF-423C-B7A4-013AC3396CD3}.Debug|x86.ActiveCfg = Debug|x64
		{273FBA68-86AF-423C-B7A4-013AC3396CD3}.Debug|x86.Build.0 = Debug|x64
		{273FBA68-86AF-423C-B7A4-013AC3396CD3}.Debug|x86.Deploy.0 = Debug|x64
		{273FBA68-86AF-423C-B7A4-013AC3396CD3}.Release|Any CPU.ActiveCfg = Release|x86
		{273FBA68-86AF-423C-B7A4-013AC3396CD3}.Release|ARM.ActiveCfg = Release|ARM
		{273FBA68-86AF-423C-B7A4-013AC3396CD3}.Release|ARM.Build.0 = Release|ARM
		{273FBA68-86AF-423C-B7A4-013AC3396CD3}.Release|ARM.Deploy.0 = Release|ARM
		{273FBA68-86AF-423C-B7A4-013AC3396CD3}.Release|iPhone.ActiveCfg = Release|x86
		{273FBA68-86AF-423C-B7A4-013AC3396CD3}.Release|iPhoneSimulator.ActiveCfg = Release|x86
		{273FBA68-86AF-423C-B7A4-013AC3396CD3}.Release|x64.ActiveCfg = Release|x64
		{273FBA68-86AF-423C-B7A4-013AC3396CD3}.Release|x64.Build.0 = Release|x64
		{273FBA68-86AF-423C-B7A4-013AC3396CD3}.Release|x64.Deploy.0 = Release|x64
		{273FBA68-86AF-423C-B7A4-013AC3396CD3}.Release|x86.ActiveCfg = Release|x86
		{273FBA68-86AF-423C-B7A4-013AC3396CD3}.Release|x86.Build.0 = Release|x86
		{273FBA68-86AF-423C-B7A4-013AC3396CD3}.Release|x86.Deploy.0 = Release|x86
	EndGlobalSection
	GlobalSection(SolutionProperties) = preSolution
		HideSolutionNode = FALSE
	EndGlobalSection
	GlobalSection(ExtensibilityGlobals) = postSolution
		SolutionGuid = {93912621-75BA-41D3-945F-E9AF40A4D7AC}
	EndGlobalSection
EndGlobal
